
Microsoft Visual Studio Solution File, Format Version 12.00
# Visual Studio Version 17
VisualStudioVersion = 17.11.35222.181
MinimumVisualStudioVersion = 10.0.40219.1
Project("{FAE04EC0-301F-11D3-BF4B-00C04F79EFBC}") = "tuc_backend", "tuc_backend\tuc_backend.csproj", "{4EEEA156-3791-4CF9-A6BF-1EB3F4519B0F}"
EndProject
Project("{FAE04EC0-301F-11D3-BF4B-00C04F79EFBC}") = "tuc_backendTests", "tuc_backendTests\tuc_backendTests.csproj", "{78F66695-730D-4AC4-BEAE-83EE90C5498E}"
EndProject
Global
	GlobalSection(SolutionConfigurationPlatforms) = preSolution
		Debug|Any CPU = Debug|Any CPU
		Release|Any CPU = Release|Any CPU
	EndGlobalSection
	GlobalSection(ProjectConfigurationPlatforms) = postSolution
		{4EEEA156-3791-4CF9-A6BF-1EB3F4519B0F}.Debug|Any CPU.ActiveCfg = Debug|Any CPU
		{4EEEA156-3791-4CF9-A6BF-1EB3F4519B0F}.Debug|Any CPU.Build.0 = Debug|Any CPU
		{4EEEA156-3791-4CF9-A6BF-1EB3F4519B0F}.Release|Any CPU.ActiveCfg = Release|Any CPU
		{4EEEA156-3791-4CF9-A6BF-1EB3F4519B0F}.Release|Any CPU.Build.0 = Release|Any CPU
		{78F66695-730D-4AC4-BEAE-83EE90C5498E}.Debug|Any CPU.ActiveCfg = Debug|Any CPU
		{78F66695-730D-4AC4-BEAE-83EE90C5498E}.Debug|Any CPU.Build.0 = Debug|Any CPU
		{78F66695-730D-4AC4-BEAE-83EE90C5498E}.Release|Any CPU.ActiveCfg = Release|Any CPU
		{78F66695-730D-4AC4-BEAE-83EE90C5498E}.Release|Any CPU.Build.0 = Release|Any CPU
	EndGlobalSection
	GlobalSection(SolutionProperties) = preSolution
		HideSolutionNode = FALSE
	EndGlobalSection
	GlobalSection(ExtensibilityGlobals) = postSolution
		SolutionGuid = {46EEF502-DD02-4287-B1C8-C767044D523C}
	EndGlobalSection
EndGlobal
